<?xml version="1.0" encoding="utf-8"?>
<Project ToolsVersion="4.0" xmlns="http://schemas.microsoft.com/developer/msbuild/2003">
  <ItemGroup>
    <Filter Include="소스 파일">
      <UniqueIdentifier>{4FC737F1-C7A5-4376-A066-2A32D752A2FF}</UniqueIdentifier>
      <Extensions>cpp;c;cc;cxx;def;odl;idl;hpj;bat;asm;asmx</Extensions>
    </Filter>
    <Filter Include="리소스 파일">
      <UniqueIdentifier>{67DA6AB6-F800-4c08-8B7A-83BB121AAD01}</UniqueIdentifier>
      <Extensions>rc;ico;cur;bmp;dlg;rc2;rct;bin;rgs;gif;jpg;jpeg;jpe;resx;tiff;tif;png;wav;mfcribbon-ms</Extensions>
    </Filter>
    <Filter Include="헤더 파일">
      <UniqueIdentifier>{93995380-89BD-4b04-88EB-625FBE52EBFB}</UniqueIdentifier>
      <Extensions>h;hh;hpp;hxx;hm;inl;inc;ipp;xsd</Extensions>
    </Filter>
    <Filter Include="헤더 파일\FILE">
      <UniqueIdentifier>{8cb4044f-354d-4a70-9470-65a8e51bb441}</UniqueIdentifier>
    </Filter>
    <Filter Include="헤더 파일\Object">
      <UniqueIdentifier>{a83ce092-bb91-4be3-8d20-72ee53de6530}</UniqueIdentifier>
    </Filter>
    <Filter Include="헤더 파일\Function">
      <UniqueIdentifier>{3ba54df4-16dd-4813-b2f8-c4dc0cba2c16}</UniqueIdentifier>
    </Filter>
  </ItemGroup>
  <ItemGroup>
    <ClInclude Include="AccountFile.h">
      <Filter>헤더 파일\FILE</Filter>
    </ClInclude>
    <ClInclude Include="FileManager.h">
      <Filter>헤더 파일\FILE</Filter>
    </ClInclude>
    <ClInclude Include="SubjectFile.h">
      <Filter>헤더 파일\FILE</Filter>
    </ClInclude>
    <ClInclude Include="SubjectPlanFile.h">
      <Filter>헤더 파일\FILE</Filter>
    </ClInclude>
    <ClInclude Include="Account.h">
      <Filter>헤더 파일\Object</Filter>
    </ClInclude>
    <ClInclude Include="Administrator.h">
      <Filter>헤더 파일\Object</Filter>
    </ClInclude>
    <ClInclude Include="Student.h">
      <Filter>헤더 파일\Object</Filter>
    </ClInclude>
    <ClInclude Include="Subject.h">
      <Filter>헤더 파일\Object</Filter>
    </ClInclude>
    <ClInclude Include="TimeTable.h">
      <Filter>헤더 파일\Function</Filter>
    </ClInclude>
    <ClInclude Include="Menu.h">
      <Filter>헤더 파일\Function</Filter>
    </ClInclude>
    <ClInclude Include="SubjectEvaluatingFile.h">
      <Filter>헤더 파일\FILE</Filter>
    </ClInclude>
    <ClInclude Include="SubjectListFile.h">
      <Filter>헤더 파일\FILE</Filter>
    </ClInclude>
    <ClInclude Include="SubjectPlan.h">
      <Filter>헤더 파일\Function</Filter>
    </ClInclude>
    <ClInclude Include="SubjectEvaluation.h">
      <Filter>헤더 파일\Function</Filter>
    </ClInclude>
    <ClInclude Include="registerSubject.h">
      <Filter>헤더 파일\Function</Filter>
    </ClInclude>
  </ItemGroup>
  <ItemGroup>
    <ClCompile Include="main.cpp">
      <Filter>소스 파일</Filter>
    </ClCompile>
  </ItemGroup>
</Project>